
Microsoft Visual Studio Solution File, Format Version 12.00
# Visual Studio Version 17
VisualStudioVersion = 17.11.35303.130
MinimumVisualStudioVersion = 10.0.40219.1
Project("{FAE04EC0-301F-11D3-BF4B-00C04F79EFBC}") = "Aufgabe-05", "Aufgabe-05.csproj", "{A49545C2-996A-4B7D-AA35-A38062A6B2B2}"
EndProject
Global
	GlobalSection(SolutionConfigurationPlatforms) = preSolution
		Debug|Any CPU = Debug|Any CPU
		Release|Any CPU = Release|Any CPU
	EndGlobalSection
	GlobalSection(ProjectConfigurationPlatforms) = postSolution
		{A49545C2-996A-4B7D-AA35-A38062A6B2B2}.Debug|Any CPU.ActiveCfg = Debug|Any CPU
		{A49545C2-996A-4B7D-AA35-A38062A6B2B2}.Debug|Any CPU.Build.0 = Debug|Any CPU
		{A49545C2-996A-4B7D-AA35-A38062A6B2B2}.Release|Any CPU.ActiveCfg = Release|Any CPU
		{A49545C2-996A-4B7D-AA35-A38062A6B2B2}.Release|Any CPU.Build.0 = Release|Any CPU
	EndGlobalSection
	GlobalSection(SolutionProperties) = preSolution
		HideSolutionNode = FALSE
	EndGlobalSection
	GlobalSection(ExtensibilityGlobals) = postSolution
		SolutionGuid = {83963631-2183-49D2-BFED-0967198229BA}
	EndGlobalSection
EndGlobal
