
Microsoft Visual Studio Solution File, Format Version 12.00
# Visual Studio Version 17
VisualStudioVersion = 17.11.35327.3
MinimumVisualStudioVersion = 10.0.40219.1
Project("{FAE04EC0-301F-11D3-BF4B-00C04F79EFBC}") = "Aufgabe-05", "Aufgabe-05.csproj", "{EB69BD4B-1C0B-49E5-9831-25693C45C6A8}"
EndProject
Global
	GlobalSection(SolutionConfigurationPlatforms) = preSolution
		Debug|Any CPU = Debug|Any CPU
		Release|Any CPU = Release|Any CPU
	EndGlobalSection
	GlobalSection(ProjectConfigurationPlatforms) = postSolution
		{EB69BD4B-1C0B-49E5-9831-25693C45C6A8}.Debug|Any CPU.ActiveCfg = Debug|Any CPU
		{EB69BD4B-1C0B-49E5-9831-25693C45C6A8}.Debug|Any CPU.Build.0 = Debug|Any CPU
		{EB69BD4B-1C0B-49E5-9831-25693C45C6A8}.Release|Any CPU.ActiveCfg = Release|Any CPU
		{EB69BD4B-1C0B-49E5-9831-25693C45C6A8}.Release|Any CPU.Build.0 = Release|Any CPU
	EndGlobalSection
	GlobalSection(SolutionProperties) = preSolution
		HideSolutionNode = FALSE
	EndGlobalSection
	GlobalSection(ExtensibilityGlobals) = postSolution
		SolutionGuid = {A273CFC3-2C32-4192-BA29-1397F1F9C24F}
	EndGlobalSection
EndGlobal
