
Microsoft Visual Studio Solution File, Format Version 12.00
# Visual Studio Version 17
VisualStudioVersion = 17.11.35222.181
MinimumVisualStudioVersion = 10.0.40219.1
Project("{FAE04EC0-301F-11D3-BF4B-00C04F79EFBC}") = "Aufgabe-04b", "Aufgabe-04b.csproj", "{7FD1E259-3B16-4025-8119-E2B6C08E7ACA}"
EndProject
Global
	GlobalSection(SolutionConfigurationPlatforms) = preSolution
		Debug|Any CPU = Debug|Any CPU
		Release|Any CPU = Release|Any CPU
	EndGlobalSection
	GlobalSection(ProjectConfigurationPlatforms) = postSolution
		{7FD1E259-3B16-4025-8119-E2B6C08E7ACA}.Debug|Any CPU.ActiveCfg = Debug|Any CPU
		{7FD1E259-3B16-4025-8119-E2B6C08E7ACA}.Debug|Any CPU.Build.0 = Debug|Any CPU
		{7FD1E259-3B16-4025-8119-E2B6C08E7ACA}.Release|Any CPU.ActiveCfg = Release|Any CPU
		{7FD1E259-3B16-4025-8119-E2B6C08E7ACA}.Release|Any CPU.Build.0 = Release|Any CPU
	EndGlobalSection
	GlobalSection(SolutionProperties) = preSolution
		HideSolutionNode = FALSE
	EndGlobalSection
	GlobalSection(ExtensibilityGlobals) = postSolution
		SolutionGuid = {EFB3FD55-BBE7-4168-B5B2-7330C4F85340}
	EndGlobalSection
EndGlobal
