
Microsoft Visual Studio Solution File, Format Version 12.00
# Visual Studio Version 17
VisualStudioVersion = 17.11.35303.130
MinimumVisualStudioVersion = 10.0.40219.1
Project("{FAE04EC0-301F-11D3-BF4B-00C04F79EFBC}") = "Aufgabe-09", "Aufgabe-09.csproj", "{BEBEFB80-F9D7-4564-A4BC-BCDDE6297DA4}"
EndProject
Global
	GlobalSection(SolutionConfigurationPlatforms) = preSolution
		Debug|Any CPU = Debug|Any CPU
		Release|Any CPU = Release|Any CPU
	EndGlobalSection
	GlobalSection(ProjectConfigurationPlatforms) = postSolution
		{BEBEFB80-F9D7-4564-A4BC-BCDDE6297DA4}.Debug|Any CPU.ActiveCfg = Debug|Any CPU
		{BEBEFB80-F9D7-4564-A4BC-BCDDE6297DA4}.Debug|Any CPU.Build.0 = Debug|Any CPU
		{BEBEFB80-F9D7-4564-A4BC-BCDDE6297DA4}.Release|Any CPU.ActiveCfg = Release|Any CPU
		{BEBEFB80-F9D7-4564-A4BC-BCDDE6297DA4}.Release|Any CPU.Build.0 = Release|Any CPU
	EndGlobalSection
	GlobalSection(SolutionProperties) = preSolution
		HideSolutionNode = FALSE
	EndGlobalSection
	GlobalSection(ExtensibilityGlobals) = postSolution
		SolutionGuid = {F90F5E8A-78F4-4423-B5F1-DC0345763DCB}
	EndGlobalSection
EndGlobal
