
Microsoft Visual Studio Solution File, Format Version 12.00
# Visual Studio Version 17
VisualStudioVersion = 17.11.35303.130
MinimumVisualStudioVersion = 10.0.40219.1
Project("{FAE04EC0-301F-11D3-BF4B-00C04F79EFBC}") = "Aufgabe-06", "Aufgabe-06.csproj", "{9826E213-0AEF-445E-9A23-1A951FBF1A68}"
EndProject
Global
	GlobalSection(SolutionConfigurationPlatforms) = preSolution
		Debug|Any CPU = Debug|Any CPU
		Release|Any CPU = Release|Any CPU
	EndGlobalSection
	GlobalSection(ProjectConfigurationPlatforms) = postSolution
		{9826E213-0AEF-445E-9A23-1A951FBF1A68}.Debug|Any CPU.ActiveCfg = Debug|Any CPU
		{9826E213-0AEF-445E-9A23-1A951FBF1A68}.Debug|Any CPU.Build.0 = Debug|Any CPU
		{9826E213-0AEF-445E-9A23-1A951FBF1A68}.Release|Any CPU.ActiveCfg = Release|Any CPU
		{9826E213-0AEF-445E-9A23-1A951FBF1A68}.Release|Any CPU.Build.0 = Release|Any CPU
	EndGlobalSection
	GlobalSection(SolutionProperties) = preSolution
		HideSolutionNode = FALSE
	EndGlobalSection
	GlobalSection(ExtensibilityGlobals) = postSolution
		SolutionGuid = {A45636B8-85C9-4803-A77E-8EF2F388ACA1}
	EndGlobalSection
EndGlobal
